Microsoft Visual Studio Solution File, Format Version 12.00
# Visual Studio Version 16
VisualStudioVersion = 16.0.30621.155
MinimumVisualStudioVersion = 10.0.40219.1
Project("{9A19103F-16F7-4668-BE54-9A1E7A4F7556}") = "RepoMan", "RepoMan\RepoMan.csproj", "{0A220687-A313-476B-A113-DDD05913586E}"
EndProject
Project("{FAE04EC0-301F-11D3-BF4B-00C04F79EFBC}") = "Scratch", "Scratch\Scratch.csproj", "{7E1EBFE5-AADF-4743-B855-5DB03DE7DD72}"
EndProject
Project("{FAE04EC0-301F-11D3-BF4B-00C04F79EFBC}") = "RepoMan.UnitTests", "RepoMan.UnitTests\RepoMan.UnitTests.csproj", "{5D5EEF3C-7DBF-4D46-BB8A-969D5C16C20C}"
EndProject
Project("{FAE04EC0-301F-11D3-BF4B-00C04F79EFBC}") = "RepoMan.Runner", "RepoMan.Runner\RepoMan.Runner.csproj", "{33B3EC87-833C-4609-B147-369F6E0F7026}"
EndProject
Global
	GlobalSection(SolutionConfigurationPlatforms) = preSolution
		Debug|Any CPU = Debug|Any CPU
		Release|Any CPU = Release|Any CPU
	EndGlobalSection
	GlobalSection(ProjectConfigurationPlatforms) = postSolution
		{0A220687-A313-476B-A113-DDD05913586E}.Debug|Any CPU.ActiveCfg = Debug|Any CPU
		{0A220687-A313-476B-A113-DDD05913586E}.Debug|Any CPU.Build.0 = Debug|Any CPU
		{0A220687-A313-476B-A113-DDD05913586E}.Release|Any CPU.ActiveCfg = Release|Any CPU
		{0A220687-A313-476B-A113-DDD05913586E}.Release|Any CPU.Build.0 = Release|Any CPU
		{7E1EBFE5-AADF-4743-B855-5DB03DE7DD72}.Debug|Any CPU.ActiveCfg = Debug|Any CPU
		{7E1EBFE5-AADF-4743-B855-5DB03DE7DD72}.Debug|Any CPU.Build.0 = Debug|Any CPU
		{7E1EBFE5-AADF-4743-B855-5DB03DE7DD72}.Release|Any CPU.ActiveCfg = Release|Any CPU
		{7E1EBFE5-AADF-4743-B855-5DB03DE7DD72}.Release|Any CPU.Build.0 = Release|Any CPU
		{5D5EEF3C-7DBF-4D46-BB8A-969D5C16C20C}.Debug|Any CPU.ActiveCfg = Debug|Any CPU
		{5D5EEF3C-7DBF-4D46-BB8A-969D5C16C20C}.Debug|Any CPU.Build.0 = Debug|Any CPU
		{5D5EEF3C-7DBF-4D46-BB8A-969D5C16C20C}.Release|Any CPU.ActiveCfg = Release|Any CPU
		{5D5EEF3C-7DBF-4D46-BB8A-969D5C16C20C}.Release|Any CPU.Build.0 = Release|Any CPU
		{33B3EC87-833C-4609-B147-369F6E0F7026}.Debug|Any CPU.ActiveCfg = Debug|Any CPU
		{33B3EC87-833C-4609-B147-369F6E0F7026}.Debug|Any CPU.Build.0 = Debug|Any CPU
		{33B3EC87-833C-4609-B147-369F6E0F7026}.Release|Any CPU.ActiveCfg = Release|Any CPU
		{33B3EC87-833C-4609-B147-369F6E0F7026}.Release|Any CPU.Build.0 = Release|Any CPU
	EndGlobalSection
	GlobalSection(SolutionProperties) = preSolution
		HideSolutionNode = FALSE
	EndGlobalSection
	GlobalSection(ExtensibilityGlobals) = postSolution
		SolutionGuid = {B61F0D5D-2678-4EEB-9015-3CBA60460A4D}
	EndGlobalSection
EndGlobal
